
Microsoft Visual Studio Solution File, Format Version 12.00
# Visual Studio Version 16
VisualStudioVersion = 16.0.29326.143
MinimumVisualStudioVersion = 10.0.40219.1
Project("{FAE04EC0-301F-11D3-BF4B-00C04F79EFBC}") = "FACTORY", "FACTORY.csproj", "{9B590498-4682-4912-BB2B-B873A67719BB}"
EndProject
Global
	GlobalSection(SolutionConfigurationPlatforms) = preSolution
		Debug|Any CPU = Debug|Any CPU
		Release|Any CPU = Release|Any CPU
	EndGlobalSection
	GlobalSection(ProjectConfigurationPlatforms) = postSolution
		{9B590498-4682-4912-BB2B-B873A67719BB}.Debug|Any CPU.ActiveCfg = Debug|Any CPU
		{9B590498-4682-4912-BB2B-B873A67719BB}.Debug|Any CPU.Build.0 = Debug|Any CPU
		{9B590498-4682-4912-BB2B-B873A67719BB}.Release|Any CPU.ActiveCfg = Release|Any CPU
		{9B590498-4682-4912-BB2B-B873A67719BB}.Release|Any CPU.Build.0 = Release|Any CPU
	EndGlobalSection
	GlobalSection(SolutionProperties) = preSolution
		HideSolutionNode = FALSE
	EndGlobalSection
	GlobalSection(ExtensibilityGlobals) = postSolution
		SolutionGuid = {B015C41B-38E7-46B3-AAB1-F0E7DC1E64FF}
	EndGlobalSection
EndGlobal
